// !$*UTF8*$!
{
	archiveVersion = 1;
	classes = {
	};
	objectVersion = 50;
	objects = {

/* Begin PBXBuildFile section */
		ED376CE42447BB3E00F0EA7E /* MovieRow.swift in Sources */ = {isa = PBXBuildFile; fileRef = ED376CE32447BB3E00F0EA7E /* MovieRow.swift */; };
		EDE0623B244630FC000EDEB6 /* AppDelegate.swift in Sources */ = {isa = PBXBuildFile; fileRef = EDE0623A244630FC000EDEB6 /* AppDelegate.swift */; };
		EDE0623D244630FC000EDEB6 /* SceneDelegate.swift in Sources */ = {isa = PBXBuildFile; fileRef = EDE0623C244630FC000EDEB6 /* SceneDelegate.swift */; };
		EDE0624124463103000EDEB6 /* Assets.xcassets in Resources */ = {isa = PBXBuildFile; fileRef = EDE0624024463103000EDEB6 /* Assets.xcassets */; };
		EDE0624424463103000EDEB6 /* Preview Assets.xcassets in Resources */ = {isa = PBXBuildFile; fileRef = EDE0624324463103000EDEB6 /* Preview Assets.xcassets */; };
		EDE0624724463103000EDEB6 /* LaunchScreen.storyboard in Resources */ = {isa = PBXBuildFile; fileRef = EDE0624524463103000EDEB6 /* LaunchScreen.storyboard */; };
		EDE0624F2446443C000EDEB6 /* API.swift in Sources */ = {isa = PBXBuildFile; fileRef = EDE0624E2446443C000EDEB6 /* API.swift */; };
		EDE0625424468B06000EDEB6 /* MoviesListView.swift in Sources */ = {isa = PBXBuildFile; fileRef = EDE0625324468B06000EDEB6 /* MoviesListView.swift */; };
		EDE0625724468B98000EDEB6 /* Movie.swift in Sources */ = {isa = PBXBuildFile; fileRef = EDE0625624468B98000EDEB6 /* Movie.swift */; };
		EDE0625924468C85000EDEB6 /* MoviesListViewModel.swift in Sources */ = {isa = PBXBuildFile; fileRef = EDE0625824468C85000EDEB6 /* MoviesListViewModel.swift */; };
/* End PBXBuildFile section */

/* Begin PBXFileReference section */
		ED376CE32447BB3E00F0EA7E /* MovieRow.swift */ = {isa = PBXFileReference; lastKnownFileType = sourcecode.swift; path = MovieRow.swift; sourceTree = "<group>"; };
		EDE06237244630FC000EDEB6 /* FlixCombine.app */ = {isa = PBXFileReference; explicitFileType = wrapper.application; includeInIndex = 0; path = FlixCombine.app; sourceTree = BUILT_PRODUCTS_DIR; };
		EDE0623A244630FC000EDEB6 /* AppDelegate.swift */ = {isa = PBXFileReference; lastKnownFileType = sourcecode.swift; path = AppDelegate.swift; sourceTree = "<group>"; };
		EDE0623C244630FC000EDEB6 /* SceneDelegate.swift */ = {isa = PBXFileReference; lastKnownFileType = sourcecode.swift; path = SceneDelegate.swift; sourceTree = "<group>"; };
		EDE0624024463103000EDEB6 /* Assets.xcassets */ = {isa = PBXFileReference; lastKnownFileType = folder.assetcatalog; path = Assets.xcassets; sourceTree = "<group>"; };
		EDE0624324463103000EDEB6 /* Preview Assets.xcassets */ = {isa = PBXFileReference; lastKnownFileType = folder.assetcatalog; path = "Preview Assets.xcassets"; sourceTree = "<group>"; };
		EDE0624624463103000EDEB6 /* Base */ = {isa = PBXFileReference; lastKnownFileType = file.storyboard; name = Base; path = Base.lproj/LaunchScreen.storyboard; sourceTree = "<group>"; };
		EDE0624824463103000EDEB6 /* Info.plist */ = {isa = PBXFileReference; lastKnownFileType = text.plist.xml; path = Info.plist; sourceTree = "<group>"; };
		EDE0624E2446443C000EDEB6 /* API.swift */ = {isa = PBXFileReference; lastKnownFileType = sourcecode.swift; path = API.swift; sourceTree = "<group>"; };
		EDE0625324468B06000EDEB6 /* MoviesListView.swift */ = {isa = PBXFileReference; lastKnownFileType = sourcecode.swift; path = MoviesListView.swift; sourceTree = "<group>"; };
		EDE0625624468B98000EDEB6 /* Movie.swift */ = {isa = PBXFileReference; lastKnownFileType = sourcecode.swift; path = Movie.swift; sourceTree = "<group>"; };
		EDE0625824468C85000EDEB6 /* MoviesListViewModel.swift */ = {isa = PBXFileReference; lastKnownFileType = sourcecode.swift; path = MoviesListViewModel.swift; sourceTree = "<group>"; };
/* End PBXFileReference section */

/* Begin PBXFrameworksBuildPhase section */
		EDE06234244630FC000EDEB6 /* Frameworks */ = {
			isa = PBXFrameworksBuildPhase;
			buildActionMask = 2147483647;
			files = (
			);
			runOnlyForDeploymentPostprocessing = 0;
		};
/* End PBXFrameworksBuildPhase section */

/* Begin PBXGroup section */
		EDE0622E244630FC000EDEB6 = {
			isa = PBXGroup;
			children = (
				EDE06239244630FC000EDEB6 /* FlixCombine */,
				EDE06238244630FC000EDEB6 /* Products */,
			);
			sourceTree = "<group>";
		};
		EDE06238244630FC000EDEB6 /* Products */ = {
			isa = PBXGroup;
			children = (
				EDE06237244630FC000EDEB6 /* FlixCombine.app */,
			);
			name = Products;
			sourceTree = "<group>";
		};
		EDE06239244630FC000EDEB6 /* FlixCombine */ = {
			isa = PBXGroup;
			children = (
				EDE0625024468A68000EDEB6 /* App */,
				EDE0625224468A94000EDEB6 /* Network */,
				EDE0625524468B6A000EDEB6 /* Model */,
				EDE0625124468A7A000EDEB6 /* View */,
				EDE0624024463103000EDEB6 /* Assets.xcassets */,
				EDE0624524463103000EDEB6 /* LaunchScreen.storyboard */,
				EDE0624824463103000EDEB6 /* Info.plist */,
				EDE0624224463103000EDEB6 /* Preview Content */,
			);
			path = FlixCombine;
			sourceTree = "<group>";
		};
		EDE0624224463103000EDEB6 /* Preview Content */ = {
			isa = PBXGroup;
			children = (
				EDE0624324463103000EDEB6 /* Preview Assets.xcassets */,
			);
			path = "Preview Content";
			sourceTree = "<group>";
		};
		EDE0625024468A68000EDEB6 /* App */ = {
			isa = PBXGroup;
			children = (
				EDE0623A244630FC000EDEB6 /* AppDelegate.swift */,
				EDE0623C244630FC000EDEB6 /* SceneDelegate.swift */,
			);
			path = App;
			sourceTree = "<group>";
		};
		EDE0625124468A7A000EDEB6 /* View */ = {
			isa = PBXGroup;
			children = (
				EDE0625324468B06000EDEB6 /* MoviesListView.swift */,
				ED376CE32447BB3E00F0EA7E /* MovieRow.swift */,
			);
			path = View;
			sourceTree = "<group>";
		};
		EDE0625224468A94000EDEB6 /* Network */ = {
			isa = PBXGroup;
			children = (
				EDE0624E2446443C000EDEB6 /* API.swift */,
			);
			name = Network;
			path = "New Group";
			sourceTree = "<group>";
		};
		EDE0625524468B6A000EDEB6 /* Model */ = {
			isa = PBXGroup;
			children = (
				EDE0625624468B98000EDEB6 /* Movie.swift */,
				EDE0625824468C85000EDEB6 /* MoviesListViewModel.swift */,
			);
			path = Model;
			sourceTree = "<group>";
		};
/* End PBXGroup section */

/* Begin PBXNativeTarget section */
		EDE06236244630FC000EDEB6 /* FlixCombine */ = {
			isa = PBXNativeTarget;
			buildConfigurationList = EDE0624B24463103000EDEB6 /* Build configuration list for PBXNativeTarget "FlixCombine" */;
			buildPhases = (
				EDE06233244630FC000EDEB6 /* Sources */,
				EDE06234244630FC000EDEB6 /* Frameworks */,
				EDE06235244630FC000EDEB6 /* Resources */,
			);
			buildRules = (
			);
			dependencies = (
			);
			name = FlixCombine;
			productName = FlixCombine;
			productReference = EDE06237244630FC000EDEB6 /* FlixCombine.app */;
			productType = "com.apple.product-type.application";
		};
/* End PBXNativeTarget section */

/* Begin PBXProject section */
		EDE0622F244630FC000EDEB6 /* Project object */ = {
			isa = PBXProject;
			attributes = {
				LastSwiftUpdateCheck = 1140;
				LastUpgradeCheck = 1140;
				ORGANIZATIONNAME = "Charles Hieger";
				TargetAttributes = {
					EDE06236244630FC000EDEB6 = {
						CreatedOnToolsVersion = 11.4;
					};
				};
			};
			buildConfigurationList = EDE06232244630FC000EDEB6 /* Build configuration list for PBXProject "FlixCombine" */;
			compatibilityVersion = "Xcode 9.3";
			developmentRegion = en;
			hasScannedForEncodings = 0;
			knownRegions = (
				en,
				Base,
			);
			mainGroup = EDE0622E244630FC000EDEB6;
			productRefGroup = EDE06238244630FC000EDEB6 /* Products */;
			projectDirPath = "";
			projectRoot = "";
			targets = (
				EDE06236244630FC000EDEB6 /* FlixCombine */,
			);
		};
/* End PBXProject section */

/* Begin PBXResourcesBuildPhase section */
		EDE06235244630FC000EDEB6 /* Resources */ = {
			isa = PBXResourcesBuildPhase;
			buildActionMask = 2147483647;
			files = (
				EDE0624724463103000EDEB6 /* LaunchScreen.storyboard in Resources */,
				EDE0624424463103000EDEB6 /* Preview Assets.xcassets in Resources */,
				EDE0624124463103000EDEB6 /* Assets.xcassets in Resources */,
			);
			runOnlyForDeploymentPostprocessing = 0;
		};
/* End PBXResourcesBuildPhase section */

/* Begin PBXSourcesBuildPhase section */
		EDE06233244630FC000EDEB6 /* Sources */ = {
			isa = PBXSourcesBuildPhase;
			buildActionMask = 2147483647;
			files = (
				EDE0625424468B06000EDEB6 /* MoviesListView.swift in Sources */,
				EDE0623B244630FC000EDEB6 /* AppDelegate.swift in Sources */,
				EDE0623D244630FC000EDEB6 /* SceneDelegate.swift in Sources */,
				EDE0625924468C85000EDEB6 /* MoviesListViewModel.swift in Sources */,
				ED376CE42447BB3E00F0EA7E /* MovieRow.swift in Sources */,
				EDE0624F2446443C000EDEB6 /* API.swift in Sources */,
				EDE0625724468B98000EDEB6 /* Movie.swift in Sources */,
			);
			runOnlyForDeploymentPostprocessing = 0;
		};
/* End PBXSourcesBuildPhase section */

/* Begin PBXVariantGroup section */
		EDE0624524463103000EDEB6 /* LaunchScreen.storyboard */ = {
			isa = PBXVariantGroup;
			children = (
				EDE0624624463103000EDEB6 /* Base */,
			);
			name = LaunchScreen.storyboard;
			sourceTree = "<group>";
		};
/* End PBXVariantGroup section */

/* Begin XCBuildConfiguration section */
		EDE0624924463103000EDEB6 /* Debug */ = {
			isa = XCBuildConfiguration;
			buildSettings = {
				ALWAYS_SEARCH_USER_PATHS = NO;
				CLANG_ANALYZER_NONNULL = YES;
				CLANG_ANALYZER_NUMBER_OBJECT_CONVERSION = YES_AGGRESSIVE;
				CLANG_CXX_LANGUAGE_STANDARD = "gnu++14";
				CLANG_CXX_LIBRARY = "libc++";
				CLANG_ENABLE_MODULES = YES;
				CLANG_ENABLE_OBJC_ARC = YES;
				CLANG_ENABLE_OBJC_WEAK = YES;
				CLANG_WARN_BLOCK_CAPTURE_AUTORELEASING = YES;
				CLANG_WARN_BOOL_CONVERSION = YES;
				CLANG_WARN_COMMA = YES;
				CLANG_WARN_CONSTANT_CONVERSION = YES;
				CLANG_WARN_DEPRECATED_OBJC_IMPLEMENTATIONS = YES;
				CLANG_WARN_DIRECT_OBJC_ISA_USAGE = YES_ERROR;
				CLANG_WARN_DOCUMENTATION_COMMENTS = YES;
				CLANG_WARN_EMPTY_BODY = YES;
				CLANG_WARN_ENUM_CONVERSION = YES;
				CLANG_WARN_INFINITE_RECURSION = YES;
				CLANG_WARN_INT_CONVERSION = YES;
				CLANG_WARN_NON_LITERAL_NULL_CONVERSION = YES;
				CLANG_WARN_OBJC_IMPLICIT_RETAIN_SELF = YES;
				CLANG_WARN_OBJC_LITERAL_CONVERSION = YES;
				CLANG_WARN_OBJC_ROOT_CLASS = YES_ERROR;
				CLANG_WARN_RANGE_LOOP_ANALYSIS = YES;
				CLANG_WARN_STRICT_PROTOTYPES = YES;
				CLANG_WARN_SUSPICIOUS_MOVE = YES;
				CLANG_WARN_UNGUARDED_AVAILABILITY = YES_AGGRESSIVE;
				CLANG_WARN_UNREACHABLE_CODE = YES;
				CLANG_WARN__DUPLICATE_METHOD_MATCH = YES;
				COPY_PHASE_STRIP = NO;
				DEBUG_INFORMATION_FORMAT = dwarf;
				ENABLE_STRICT_OBJC_MSGSEND = YES;
				ENABLE_TESTABILITY = YES;
				GCC_C_LANGUAGE_STANDARD = gnu11;
				GCC_DYNAMIC_NO_PIC = NO;
				GCC_NO_COMMON_BLOCKS = YES;
				GCC_OPTIMIZATION_LEVEL = 0;
				GCC_PREPROCESSOR_DEFINITIONS = (
					"DEBUG=1",
					"$(inherited)",
				);
				GCC_WARN_64_TO_32_BIT_CONVERSION = YES;
				GCC_WARN_ABOUT_RETURN_TYPE = YES_ERROR;
				GCC_WARN_UNDECLARED_SELECTOR = YES;
				GCC_WARN_UNINITIALIZED_AUTOS = YES_AGGRESSIVE;
				GCC_WARN_UNUSED_FUNCTION = YES;
				GCC_WARN_UNUSED_VARIABLE = YES;
				IPHONEOS_DEPLOYMENT_TARGET = 13.4;
				MTL_ENABLE_DEBUG_INFO = INCLUDE_SOURCE;
				MTL_FAST_MATH = YES;
				ONLY_ACTIVE_ARCH = YES;
				SDKROOT = iphoneos;
				SWIFT_ACTIVE_COMPILATION_CONDITIONS = DEBUG;
				SWIFT_OPTIMIZATION_LEVEL = "-Onone";
			};
			name = Debug;
		};
		EDE0624A24463103000EDEB6 /* Release */ = {
			isa = XCBuildConfiguration;
			buildSettings = {
				ALWAYS_SEARCH_USER_PATHS = NO;
				CLANG_ANALYZER_NONNULL = YES;
				CLANG_ANALYZER_NUMBER_OBJECT_CONVERSION = YES_AGGRESSIVE;
				CLANG_CXX_LANGUAGE_STANDARD = "gnu++14";
				CLANG_CXX_LIBRARY = "libc++";
				CLANG_ENABLE_MODULES = YES;
				CLANG_ENABLE_OBJC_ARC = YES;
				CLANG_ENABLE_OBJC_WEAK = YES;
				CLANG_WARN_BLOCK_CAPTURE_AUTORELEASING = YES;
				CLANG_WARN_BOOL_CONVERSION = YES;
				CLANG_WARN_COMMA = YES;
				CLANG_WARN_CONSTANT_CONVERSION = YES;
				CLANG_WARN_DEPRECATED_OBJC_IMPLEMENTATIONS = YES;
				CLANG_WARN_DIRECT_OBJC_ISA_USAGE = YES_ERROR;
				CLANG_WARN_DOCUMENTATION_COMMENTS = YES;
				CLANG_WARN_EMPTY_BODY = YES;
				CLANG_WARN_ENUM_CONVERSION = YES;
				CLANG_WARN_INFINITE_RECURSION = YES;
				CLANG_WARN_INT_CONVERSION = YES;
				CLANG_WARN_NON_LITERAL_NULL_CONVERSION = YES;
				CLANG_WARN_OBJC_IMPLICIT_RETAIN_SELF = YES;
				CLANG_WARN_OBJC_LITERAL_CONVERSION = YES;
				CLANG_WARN_OBJC_ROOT_CLASS = YES_ERROR;
				CLANG_WARN_RANGE_LOOP_ANALYSIS = YES;
				CLANG_WARN_STRICT_PROTOTYPES = YES;
				CLANG_WARN_SUSPICIOUS_MOVE = YES;
				CLANG_WARN_UNGUARDED_AVAILABILITY = YES_AGGRESSIVE;
				CLANG_WARN_UNREACHABLE_CODE = YES;
				CLANG_WARN__DUPLICATE_METHOD_MATCH = YES;
				COPY_PHASE_STRIP = NO;
				DEBUG_INFORMATION_FORMAT = "dwarf-with-dsym";
				ENABLE_NS_ASSERTIONS = NO;
				ENABLE_STRICT_OBJC_MSGSEND = YES;
				GCC_C_LANGUAGE_STANDARD = gnu11;
				GCC_NO_COMMON_BLOCKS = YES;
				GCC_WARN_64_TO_32_BIT_CONVERSION = YES;
				GCC_WARN_ABOUT_RETURN_TYPE = YES_ERROR;
				GCC_WARN_UNDECLARED_SELECTOR = YES;
				GCC_WARN_UNINITIALIZED_AUTOS = YES_AGGRESSIVE;
				GCC_WARN_UNUSED_FUNCTION = YES;
				GCC_WARN_UNUSED_VARIABLE = YES;
				IPHONEOS_DEPLOYMENT_TARGET = 13.4;
				MTL_ENABLE_DEBUG_INFO = NO;
				MTL_FAST_MATH = YES;
				SDKROOT = iphoneos;
				SWIFT_COMPILATION_MODE = wholemodule;
				SWIFT_OPTIMIZATION_LEVEL = "-O";
				VALIDATE_PRODUCT = YES;
			};
			name = Release;
		};
		EDE0624C24463103000EDEB6 /* Debug */ = {
			isa = XCBuildConfiguration;
			buildSettings = {
				ASSETCATALOG_COMPILER_APPICON_NAME = AppIcon;
				CODE_SIGN_STYLE = Automatic;
				DEVELOPMENT_ASSET_PATHS = "\"FlixCombine/Preview Content\"";
				DEVELOPMENT_TEAM = CBXAQN69JX;
				ENABLE_PREVIEWS = YES;
				INFOPLIST_FILE = FlixCombine/Info.plist;
				LD_RUNPATH_SEARCH_PATHS = (
					"$(inherited)",
					"@executable_path/Frameworks",
				);
				PRODUCT_BUNDLE_IDENTIFIER = com.charlie.FlixCombine;
				PRODUCT_NAME = "$(TARGET_NAME)";
				SWIFT_VERSION = 5.0;
				TARGETED_DEVICE_FAMILY = "1,2";
			};
			name = Debug;
		};
		EDE0624D24463103000EDEB6 /* Release */ = {
			isa = XCBuildConfiguration;
			buildSettings = {
				ASSETCATALOG_COMPILER_APPICON_NAME = AppIcon;
				CODE_SIGN_STYLE = Automatic;
				DEVELOPMENT_ASSET_PATHS = "\"FlixCombine/Preview Content\"";
				DEVELOPMENT_TEAM = CBXAQN69JX;
				ENABLE_PREVIEWS = YES;
				INFOPLIST_FILE = FlixCombine/Info.plist;
				LD_RUNPATH_SEARCH_PATHS = (
					"$(inherited)",
					"@executable_path/Frameworks",
				);
				PRODUCT_BUNDLE_IDENTIFIER = com.charlie.FlixCombine;
				PRODUCT_NAME = "$(TARGET_NAME)";
				SWIFT_VERSION = 5.0;
				TARGETED_DEVICE_FAMILY = "1,2";
			};
			name = Release;
		};
/* End XCBuildConfiguration section */

/* Begin XCConfigurationList section */
		EDE06232244630FC000EDEB6 /* Build configuration list for PBXProject "FlixCombine" */ = {
			isa = XCConfigurationList;
			buildConfigurations = (
				EDE0624924463103000EDEB6 /* Debug */,
				EDE0624A24463103000EDEB6 /* Release */,
			);
			defaultConfigurationIsVisible = 0;
			defaultConfigurationName = Release;
		};
		EDE0624B24463103000EDEB6 /* Build configuration list for PBXNativeTarget "FlixCombine" */ = {
			isa = XCConfigurationList;
			buildConfigurations = (
				EDE0624C24463103000EDEB6 /* Debug */,
				EDE0624D24463103000EDEB6 /* Release */,
			);
			defaultConfigurationIsVisible = 0;
			defaultConfigurationName = Release;
		};
/* End XCConfigurationList section */
	};
	rootObject = EDE0622F244630FC000EDEB6 /* Project object */;
}
